
Microsoft Visual Studio Solution File, Format Version 12.00
# Visual Studio Version 16
VisualStudioVersion = 16.0.29102.190
MinimumVisualStudioVersion = 10.0.40219.1
Project("{9A19103F-16F7-4668-BE54-9A1E7A4F7556}") = "Ecommerce.Repository", "Ecommerce.Repository\Ecommerce.Repository.csproj", "{AC82185B-0F8D-4ED7-8A8C-CF848756E797}"
EndProject
Project("{9A19103F-16F7-4668-BE54-9A1E7A4F7556}") = "Ecommerce.Domain", "Ecommerce.Domain\Ecommerce.Domain.csproj", "{F3B0AB0B-72C9-4BAF-ADDE-3C785AB4573D}"
EndProject
Project("{9A19103F-16F7-4668-BE54-9A1E7A4F7556}") = "Ecommerce.Business", "Ecommerce.Business\Ecommerce.Business.csproj", "{7C131567-6AE6-4667-839B-B95DDD0A3DE9}"
EndProject
Project("{9A19103F-16F7-4668-BE54-9A1E7A4F7556}") = "Ecommerce.Service", "Ecommerce.Service\Ecommerce.Service.csproj", "{2B2C74D2-9519-4D72-9CA7-4E5A957DCEA1}"
EndProject
Project("{9A19103F-16F7-4668-BE54-9A1E7A4F7556}") = "Ecommerce.Api", "Ecommerce.Api\Ecommerce.Api.csproj", "{97BE2A57-CD47-4061-90A4-41EC9A31019B}"
EndProject
Project("{FAE04EC0-301F-11D3-BF4B-00C04F79EFBC}") = "Ecommerce.Integration", "Ecommerce.Integration\Ecommerce.Integration.csproj", "{82C48C00-107F-4592-904E-C40BBB523A6E}"
EndProject
Global
	GlobalSection(SolutionConfigurationPlatforms) = preSolution
		Debug|Any CPU = Debug|Any CPU
		Release|Any CPU = Release|Any CPU
	EndGlobalSection
	GlobalSection(ProjectConfigurationPlatforms) = postSolution
		{AC82185B-0F8D-4ED7-8A8C-CF848756E797}.Debug|Any CPU.ActiveCfg = Debug|Any CPU
		{AC82185B-0F8D-4ED7-8A8C-CF848756E797}.Debug|Any CPU.Build.0 = Debug|Any CPU
		{AC82185B-0F8D-4ED7-8A8C-CF848756E797}.Release|Any CPU.ActiveCfg = Release|Any CPU
		{AC82185B-0F8D-4ED7-8A8C-CF848756E797}.Release|Any CPU.Build.0 = Release|Any CPU
		{F3B0AB0B-72C9-4BAF-ADDE-3C785AB4573D}.Debug|Any CPU.ActiveCfg = Debug|Any CPU
		{F3B0AB0B-72C9-4BAF-ADDE-3C785AB4573D}.Debug|Any CPU.Build.0 = Debug|Any CPU
		{F3B0AB0B-72C9-4BAF-ADDE-3C785AB4573D}.Release|Any CPU.ActiveCfg = Release|Any CPU
		{F3B0AB0B-72C9-4BAF-ADDE-3C785AB4573D}.Release|Any CPU.Build.0 = Release|Any CPU
		{7C131567-6AE6-4667-839B-B95DDD0A3DE9}.Debug|Any CPU.ActiveCfg = Debug|Any CPU
		{7C131567-6AE6-4667-839B-B95DDD0A3DE9}.Debug|Any CPU.Build.0 = Debug|Any CPU
		{7C131567-6AE6-4667-839B-B95DDD0A3DE9}.Release|Any CPU.ActiveCfg = Release|Any CPU
		{7C131567-6AE6-4667-839B-B95DDD0A3DE9}.Release|Any CPU.Build.0 = Release|Any CPU
		{2B2C74D2-9519-4D72-9CA7-4E5A957DCEA1}.Debug|Any CPU.ActiveCfg = Debug|Any CPU
		{2B2C74D2-9519-4D72-9CA7-4E5A957DCEA1}.Debug|Any CPU.Build.0 = Debug|Any CPU
		{2B2C74D2-9519-4D72-9CA7-4E5A957DCEA1}.Release|Any CPU.ActiveCfg = Release|Any CPU
		{2B2C74D2-9519-4D72-9CA7-4E5A957DCEA1}.Release|Any CPU.Build.0 = Release|Any CPU
		{97BE2A57-CD47-4061-90A4-41EC9A31019B}.Debug|Any CPU.ActiveCfg = Debug|Any CPU
		{97BE2A57-CD47-4061-90A4-41EC9A31019B}.Debug|Any CPU.Build.0 = Debug|Any CPU
		{97BE2A57-CD47-4061-90A4-41EC9A31019B}.Release|Any CPU.ActiveCfg = Release|Any CPU
		{97BE2A57-CD47-4061-90A4-41EC9A31019B}.Release|Any CPU.Build.0 = Release|Any CPU
		{82C48C00-107F-4592-904E-C40BBB523A6E}.Debug|Any CPU.ActiveCfg = Debug|Any CPU
		{82C48C00-107F-4592-904E-C40BBB523A6E}.Debug|Any CPU.Build.0 = Debug|Any CPU
		{82C48C00-107F-4592-904E-C40BBB523A6E}.Release|Any CPU.ActiveCfg = Release|Any CPU
		{82C48C00-107F-4592-904E-C40BBB523A6E}.Release|Any CPU.Build.0 = Release|Any CPU
	EndGlobalSection
	GlobalSection(SolutionProperties) = preSolution
		HideSolutionNode = FALSE
	EndGlobalSection
	GlobalSection(ExtensibilityGlobals) = postSolution
		SolutionGuid = {31C7E8AA-8D3B-4FA5-B45F-5556B6BFA87B}
	EndGlobalSection
EndGlobal
